
Microsoft Visual Studio Solution File, Format Version 12.00
# Visual Studio 15
VisualStudioVersion = 15.0.28307.1300
MinimumVisualStudioVersion = 10.0.40219.1
Project("{FAE04EC0-301F-11D3-BF4B-00C04F79EFBC}") = "PdfDemo", "PdfDemo.csproj", "{121F404B-E801-4A42-A9DE-35A2D9F75ED0}"
EndProject
Global
	GlobalSection(SolutionConfigurationPlatforms) = preSolution
		Debug|Any CPU = Debug|Any CPU
		Release|Any CPU = Release|Any CPU
	EndGlobalSection
	GlobalSection(ProjectConfigurationPlatforms) = postSolution
		{121F404B-E801-4A42-A9DE-35A2D9F75ED0}.Debug|Any CPU.ActiveCfg = Debug|Any CPU
		{121F404B-E801-4A42-A9DE-35A2D9F75ED0}.Debug|Any CPU.Build.0 = Debug|Any CPU
		{121F404B-E801-4A42-A9DE-35A2D9F75ED0}.Release|Any CPU.ActiveCfg = Release|Any CPU
		{121F404B-E801-4A42-A9DE-35A2D9F75ED0}.Release|Any CPU.Build.0 = Release|Any CPU
	EndGlobalSection
	GlobalSection(SolutionProperties) = preSolution
		HideSolutionNode = FALSE
	EndGlobalSection
	GlobalSection(ExtensibilityGlobals) = postSolution
		SolutionGuid = {4A243590-FB69-4CB2-AA93-FBD8C9B3E7E0}
	EndGlobalSection
EndGlobal
